<Solution>
  <Folder Name="/samples/">
    <Project Path="samples/Reactor.Community.LeaderLine.Sample/Reactor.Community.LeaderLine.Sample.csproj">
      <Platform Project="x64" />
    </Project>
  </Folder>
  <Folder Name="/src/">
    <Project Path="src/Reactor.Community.LeaderLine/Reactor.Community.LeaderLine.csproj" />
  </Folder>
  <Folder Name="/tests/">
    <Project Path="tests/Reactor.Community.LeaderLine.Tests/Reactor.Community.LeaderLine.Tests.csproj">
      <Platform Project="x64" />
    </Project>
  </Folder>
</Solution>
